
Microsoft Visual Studio Solution File, Format Version 12.00
# Visual Studio Version 17
VisualStudioVersion = 17.5.33516.290
MinimumVisualStudioVersion = 10.0.40219.1
Project("{8BC9CEB8-8B4A-11D0-8D11-00A0C91BC942}") = "Engine", "Engine\Engine.vcxproj", "{2634AF12-37F8-4467-B144-3770F8709F19}"
EndProject
Project("{8BC9CEB8-8B4A-11D0-8D11-00A0C91BC942}") = "01_TriAngleTest", "01_TriAngleTest\01_TriAngleTest.vcxproj", "{78E315C6-B05A-49D7-9219-DA1039713D04}"
EndProject
Project("{8BC9CEB8-8B4A-11D0-8D11-00A0C91BC942}") = "02_Texture", "02_Texture\02_Texture.vcxproj", "{847C8C90-1DC5-4A70-A25D-596CD14484B1}"
EndProject
Project("{8BC9CEB8-8B4A-11D0-8D11-00A0C91BC942}") = "03_Rendering", "03_Rendering\03_Rendering.vcxproj", "{379E9E59-8A67-4FC2-B501-9425D80346AB}"
EndProject
Project("{8BC9CEB8-8B4A-11D0-8D11-00A0C91BC942}") = "04_TransformAnimation", "04_TransformAnimation\04_TransformAnimation.vcxproj", "{44EFDFA2-C2FA-47E3-A484-C8D44EDB33AE}"
EndProject
Global
	GlobalSection(SolutionConfigurationPlatforms) = preSolution
		Debug|x64 = Debug|x64
		Debug|x86 = Debug|x86
		Release|x64 = Release|x64
		Release|x86 = Release|x86
	EndGlobalSection
	GlobalSection(ProjectConfigurationPlatforms) = postSolution
		{2634AF12-37F8-4467-B144-3770F8709F19}.Debug|x64.ActiveCfg = Debug|x64
		{2634AF12-37F8-4467-B144-3770F8709F19}.Debug|x64.Build.0 = Debug|x64
		{2634AF12-37F8-4467-B144-3770F8709F19}.Debug|x86.ActiveCfg = Debug|Win32
		{2634AF12-37F8-4467-B144-3770F8709F19}.Debug|x86.Build.0 = Debug|Win32
		{2634AF12-37F8-4467-B144-3770F8709F19}.Release|x64.ActiveCfg = Release|x64
		{2634AF12-37F8-4467-B144-3770F8709F19}.Release|x64.Build.0 = Release|x64
		{2634AF12-37F8-4467-B144-3770F8709F19}.Release|x86.ActiveCfg = Release|Win32
		{2634AF12-37F8-4467-B144-3770F8709F19}.Release|x86.Build.0 = Release|Win32
		{78E315C6-B05A-49D7-9219-DA1039713D04}.Debug|x64.ActiveCfg = Debug|x64
		{78E315C6-B05A-49D7-9219-DA1039713D04}.Debug|x64.Build.0 = Debug|x64
		{78E315C6-B05A-49D7-9219-DA1039713D04}.Debug|x86.ActiveCfg = Debug|Win32
		{78E315C6-B05A-49D7-9219-DA1039713D04}.Debug|x86.Build.0 = Debug|Win32
		{78E315C6-B05A-49D7-9219-DA1039713D04}.Release|x64.ActiveCfg = Release|x64
		{78E315C6-B05A-49D7-9219-DA1039713D04}.Release|x64.Build.0 = Release|x64
		{78E315C6-B05A-49D7-9219-DA1039713D04}.Release|x86.ActiveCfg = Release|Win32
		{78E315C6-B05A-49D7-9219-DA1039713D04}.Release|x86.Build.0 = Release|Win32
		{847C8C90-1DC5-4A70-A25D-596CD14484B1}.Debug|x64.ActiveCfg = Debug|x64
		{847C8C90-1DC5-4A70-A25D-596CD14484B1}.Debug|x64.Build.0 = Debug|x64
		{847C8C90-1DC5-4A70-A25D-596CD14484B1}.Debug|x86.ActiveCfg = Debug|Win32
		{847C8C90-1DC5-4A70-A25D-596CD14484B1}.Debug|x86.Build.0 = Debug|Win32
		{847C8C90-1DC5-4A70-A25D-596CD14484B1}.Release|x64.ActiveCfg = Release|x64
		{847C8C90-1DC5-4A70-A25D-596CD14484B1}.Release|x64.Build.0 = Release|x64
		{847C8C90-1DC5-4A70-A25D-596CD14484B1}.Release|x86.ActiveCfg = Release|Win32
		{847C8C90-1DC5-4A70-A25D-596CD14484B1}.Release|x86.Build.0 = Release|Win32
		{379E9E59-8A67-4FC2-B501-9425D80346AB}.Debug|x64.ActiveCfg = Debug|x64
		{379E9E59-8A67-4FC2-B501-9425D80346AB}.Debug|x64.Build.0 = Debug|x64
		{379E9E59-8A67-4FC2-B501-9425D80346AB}.Debug|x86.ActiveCfg = Debug|Win32
		{379E9E59-8A67-4FC2-B501-9425D80346AB}.Debug|x86.Build.0 = Debug|Win32
		{379E9E59-8A67-4FC2-B501-9425D80346AB}.Release|x64.ActiveCfg = Release|x64
		{379E9E59-8A67-4FC2-B501-9425D80346AB}.Release|x64.Build.0 = Release|x64
		{379E9E59-8A67-4FC2-B501-9425D80346AB}.Release|x86.ActiveCfg = Release|Win32
		{379E9E59-8A67-4FC2-B501-9425D80346AB}.Release|x86.Build.0 = Release|Win32
		{44EFDFA2-C2FA-47E3-A484-C8D44EDB33AE}.Debug|x64.ActiveCfg = Debug|x64
		{44EFDFA2-C2FA-47E3-A484-C8D44EDB33AE}.Debug|x64.Build.0 = Debug|x64
		{44EFDFA2-C2FA-47E3-A484-C8D44EDB33AE}.Debug|x86.ActiveCfg = Debug|Win32
		{44EFDFA2-C2FA-47E3-A484-C8D44EDB33AE}.Debug|x86.Build.0 = Debug|Win32
		{44EFDFA2-C2FA-47E3-A484-C8D44EDB33AE}.Release|x64.ActiveCfg = Release|x64
		{44EFDFA2-C2FA-47E3-A484-C8D44EDB33AE}.Release|x64.Build.0 = Release|x64
		{44EFDFA2-C2FA-47E3-A484-C8D44EDB33AE}.Release|x86.ActiveCfg = Release|Win32
		{44EFDFA2-C2FA-47E3-A484-C8D44EDB33AE}.Release|x86.Build.0 = Release|Win32
	EndGlobalSection
	GlobalSection(SolutionProperties) = preSolution
		HideSolutionNode = FALSE
	EndGlobalSection
	GlobalSection(ExtensibilityGlobals) = postSolution
		SolutionGuid = {6117BDF5-8631-4B3D-863A-6379733A41C0}
	EndGlobalSection
EndGlobal
