<?xml version="1.0" encoding="utf-8"?>
<Project ToolsVersion="4.0" xmlns="http://schemas.microsoft.com/developer/msbuild/2003">
  <ItemGroup>
    <ClCompile Include="main.cpp">
      <Filter>00.Main</Filter>
    </ClCompile>
    <ClCompile Include="ImGuiMenu.cpp">
      <Filter>00.Main</Filter>
    </ClCompile>
    <ClCompile Include="Material.cpp">
      <Filter>97.Resource</Filter>
    </ClCompile>
    <ClCompile Include="Mesh.cpp">
      <Filter>97.Resource</Filter>
    </ClCompile>
    <ClCompile Include="Model.cpp">
      <Filter>04.Model</Filter>
    </ClCompile>
    <ClCompile Include="CameraComponent.cpp">
      <Filter>03.Component</Filter>
    </ClCompile>
    <ClCompile Include="Animation.cpp">
      <Filter>97.Resource</Filter>
    </ClCompile>
    <ClCompile Include="Component.cpp">
      <Filter>03.Component</Filter>
    </ClCompile>
    <ClCompile Include="DemoApp.cpp">
      <Filter>00.Main</Filter>
    </ClCompile>
    <ClCompile Include="ModelLoadManager.cpp">
      <Filter>01.Manager</Filter>
    </ClCompile>
    <ClCompile Include="Node.cpp">
      <Filter>04.Model</Filter>
    </ClCompile>
    <ClCompile Include="Object.cpp">
      <Filter>02.Object</Filter>
    </ClCompile>
    <ClCompile Include="Pawn.cpp">
      <Filter>02.Object</Filter>
    </ClCompile>
    <ClCompile Include="PawnController.cpp">
      <Filter>05.Controller</Filter>
    </ClCompile>
    <ClCompile Include="RenderComponent.cpp">
      <Filter>03.Component</Filter>
    </ClCompile>
    <ClCompile Include="ResourceManager.cpp">
      <Filter>01.Manager</Filter>
    </ClCompile>
    <ClCompile Include="SkeletalMesh.cpp">
      <Filter>97.Resource</Filter>
    </ClCompile>
    <ClCompile Include="StaticMesh.cpp">
      <Filter>97.Resource</Filter>
    </ClCompile>
    <ClCompile Include="RenderManager.cpp">
      <Filter>01.Manager</Filter>
    </ClCompile>
  </ItemGroup>
  <ItemGroup>
    <ClInclude Include="ImGuiMenu.h">
      <Filter>00.Main</Filter>
    </ClInclude>
    <ClInclude Include="Material.h">
      <Filter>97.Resource</Filter>
    </ClInclude>
    <ClInclude Include="Mesh.h">
      <Filter>97.Resource</Filter>
    </ClInclude>
    <ClInclude Include="Model.h">
      <Filter>04.Model</Filter>
    </ClInclude>
    <ClInclude Include="CameraComponent.h">
      <Filter>03.Component</Filter>
    </ClInclude>
    <ClInclude Include="Animation.h">
      <Filter>97.Resource</Filter>
    </ClInclude>
    <ClInclude Include="DemoApp.h">
      <Filter>00.Main</Filter>
    </ClInclude>
    <ClInclude Include="Component.h">
      <Filter>03.Component</Filter>
    </ClInclude>
    <ClInclude Include="ModelLoadManager.h">
      <Filter>01.Manager</Filter>
    </ClInclude>
    <ClInclude Include="Node.h">
      <Filter>04.Model</Filter>
    </ClInclude>
    <ClInclude Include="Object.h">
      <Filter>02.Object</Filter>
    </ClInclude>
    <ClInclude Include="Pawn.h">
      <Filter>02.Object</Filter>
    </ClInclude>
    <ClInclude Include="PawnController.h">
      <Filter>05.Controller</Filter>
    </ClInclude>
    <ClInclude Include="RenderComponent.h">
      <Filter>03.Component</Filter>
    </ClInclude>
    <ClInclude Include="ResourceManager.h">
      <Filter>01.Manager</Filter>
    </ClInclude>
    <ClInclude Include="StaticMesh.h">
      <Filter>97.Resource</Filter>
    </ClInclude>
    <ClInclude Include="SkeletalMesh.h">
      <Filter>97.Resource</Filter>
    </ClInclude>
    <ClInclude Include="enum.h">
      <Filter>99.Header</Filter>
    </ClInclude>
    <ClInclude Include="BufferStruct.h">
      <Filter>99.Header</Filter>
    </ClInclude>
    <ClInclude Include="Struct.h">
      <Filter>99.Header</Filter>
    </ClInclude>
    <ClInclude Include="RenderManager.h">
      <Filter>01.Manager</Filter>
    </ClInclude>
  </ItemGroup>
  <ItemGroup>
    <FxCompile Include="SkeletalMeshShader.hlsl">
      <Filter>98.Shader</Filter>
    </FxCompile>
    <FxCompile Include="StaticMeshShader.hlsl">
      <Filter>98.Shader</Filter>
    </FxCompile>
  </ItemGroup>
  <ItemGroup>
    <Filter Include="00.Main">
      <UniqueIdentifier>{81ccbf01-2dab-495d-ac81-8ed1630f4b54}</UniqueIdentifier>
    </Filter>
    <Filter Include="01.Manager">
      <UniqueIdentifier>{59b43b6b-7054-4788-bcfa-3ceb75d78ba7}</UniqueIdentifier>
    </Filter>
    <Filter Include="02.Object">
      <UniqueIdentifier>{ccee2caf-0ce3-44b6-a2e7-2df550b49e87}</UniqueIdentifier>
    </Filter>
    <Filter Include="03.Component">
      <UniqueIdentifier>{96042e7a-b48b-47cb-9874-5914ec38f14f}</UniqueIdentifier>
    </Filter>
    <Filter Include="04.Model">
      <UniqueIdentifier>{312d194a-f7f2-4987-8290-aeeb9b354632}</UniqueIdentifier>
    </Filter>
    <Filter Include="05.Controller">
      <UniqueIdentifier>{e21465e0-092c-4fee-9d0e-19f533d8cd8f}</UniqueIdentifier>
    </Filter>
    <Filter Include="99.Header">
      <UniqueIdentifier>{7d0f324b-d813-425c-8bf9-365c71014403}</UniqueIdentifier>
    </Filter>
    <Filter Include="98.Shader">
      <UniqueIdentifier>{3bc53155-05d5-42c8-90cc-e18bd7ca8d2c}</UniqueIdentifier>
    </Filter>
    <Filter Include="97.Resource">
      <UniqueIdentifier>{2f628bdd-251c-4d7d-bb71-bcf814d9f495}</UniqueIdentifier>
    </Filter>
  </ItemGroup>
</Project>